
Microsoft Visual Studio Solution File, Format Version 12.00
# Visual Studio Version 16
VisualStudioVersion = 16.0.29709.97
MinimumVisualStudioVersion = 10.0.40219.1
Project("{FAE04EC0-301F-11D3-BF4B-00C04F79EFBC}") = "BrickStackBrown", "BrickStackBrown\BrickStackBrown.csproj", "{082CE8AD-2B64-4AF7-85C4-43E5264416EA}"
EndProject
Global
	GlobalSection(SolutionConfigurationPlatforms) = preSolution
		Debug|Any CPU = Debug|Any CPU
		Release|Any CPU = Release|Any CPU
	EndGlobalSection
	GlobalSection(ProjectConfigurationPlatforms) = postSolution
		{082CE8AD-2B64-4AF7-85C4-43E5264416EA}.Debug|Any CPU.ActiveCfg = Debug|Any CPU
		{082CE8AD-2B64-4AF7-85C4-43E5264416EA}.Debug|Any CPU.Build.0 = Debug|Any CPU
		{082CE8AD-2B64-4AF7-85C4-43E5264416EA}.Release|Any CPU.ActiveCfg = Release|Any CPU
		{082CE8AD-2B64-4AF7-85C4-43E5264416EA}.Release|Any CPU.Build.0 = Release|Any CPU
	EndGlobalSection
	GlobalSection(SolutionProperties) = preSolution
		HideSolutionNode = FALSE
	EndGlobalSection
	GlobalSection(ExtensibilityGlobals) = postSolution
		SolutionGuid = {D55190CC-08B2-40E7-B7EC-14FEFDCAB897}
	EndGlobalSection
EndGlobal
